
Microsoft Visual Studio Solution File, Format Version 12.00
# Visual Studio Version 16
VisualStudioVersion = 16.0.30011.22
MinimumVisualStudioVersion = 10.0.40219.1
Project("{9A19103F-16F7-4668-BE54-9A1E7A4F7556}") = "Bazillionaire", "Bazillionaire\Bazillionaire.csproj", "{B1383EFF-D9D2-4862-9D9E-437F9B1A20D4}"
EndProject
Global
	GlobalSection(SolutionConfigurationPlatforms) = preSolution
		Debug|Any CPU = Debug|Any CPU
		Release|Any CPU = Release|Any CPU
	EndGlobalSection
	GlobalSection(ProjectConfigurationPlatforms) = postSolution
		{B1383EFF-D9D2-4862-9D9E-437F9B1A20D4}.Debug|Any CPU.ActiveCfg = Debug|Any CPU
		{B1383EFF-D9D2-4862-9D9E-437F9B1A20D4}.Debug|Any CPU.Build.0 = Debug|Any CPU
		{B1383EFF-D9D2-4862-9D9E-437F9B1A20D4}.Release|Any CPU.ActiveCfg = Release|Any CPU
		{B1383EFF-D9D2-4862-9D9E-437F9B1A20D4}.Release|Any CPU.Build.0 = Release|Any CPU
	EndGlobalSection
	GlobalSection(SolutionProperties) = preSolution
		HideSolutionNode = FALSE
	EndGlobalSection
	GlobalSection(ExtensibilityGlobals) = postSolution
		SolutionGuid = {34B8ACA1-F0A5-4A19-9B1D-18A0A2B0C0D3}
	EndGlobalSection
EndGlobal
